
Microsoft Visual Studio Solution File, Format Version 12.00
# Visual Studio 15
VisualStudioVersion = 15.0.28307.572
MinimumVisualStudioVersion = 10.0.40219.1
Project("{E24C65DC-7377-472B-9ABA-BC803B73C61A}") = "rpchost", ".", "{01EDB6B7-8652-4C88-B752-154A192E6A23}"
	ProjectSection(WebsiteProperties) = preProject
		TargetFrameworkMoniker = ".NETFramework,Version%3Dv3.5"
		Debug.AspNetCompiler.VirtualPath = "/rpchost"
		Debug.AspNetCompiler.PhysicalPath = "..\rpchost\"
		Debug.AspNetCompiler.TargetPath = "PrecompiledWeb\rpchost\"
		Debug.AspNetCompiler.Updateable = "true"
		Debug.AspNetCompiler.ForceOverwrite = "true"
		Debug.AspNetCompiler.FixedNames = "false"
		Debug.AspNetCompiler.Debug = "True"
		Release.AspNetCompiler.VirtualPath = "/rpchost"
		Release.AspNetCompiler.PhysicalPath = "..\rpchost\"
		Release.AspNetCompiler.TargetPath = "PrecompiledWeb\rpchost\"
		Release.AspNetCompiler.Updateable = "true"
		Release.AspNetCompiler.ForceOverwrite = "true"
		Release.AspNetCompiler.FixedNames = "false"
		Release.AspNetCompiler.Debug = "False"
		VWDPort = "63830"
	EndProjectSection
EndProject
Global
	GlobalSection(SolutionConfigurationPlatforms) = preSolution
		Debug|.NET = Debug|.NET
	EndGlobalSection
	GlobalSection(ProjectConfigurationPlatforms) = postSolution
		{01EDB6B7-8652-4C88-B752-154A192E6A23}.Debug|.NET.ActiveCfg = Debug|Any CPU
		{01EDB6B7-8652-4C88-B752-154A192E6A23}.Debug|.NET.Build.0 = Debug|Any CPU
	EndGlobalSection
	GlobalSection(SolutionProperties) = preSolution
		HideSolutionNode = FALSE
	EndGlobalSection
	GlobalSection(ExtensibilityGlobals) = postSolution
		SolutionGuid = {86B93DCC-FA5D-45AD-87F7-777737D45906}
	EndGlobalSection
EndGlobal
